
Microsoft Visual Studio Solution File, Format Version 12.00
# Visual Studio Version 16
VisualStudioVersion = 16.0.29411.108
MinimumVisualStudioVersion = 10.0.40219.1
Project("{FAE04EC0-301F-11D3-BF4B-00C04F79EFBC}") = "SolariPDV.Android", "SolariPDV\SolariPDV.Android\SolariPDV.Android.csproj", "{3001D0C1-BBA2-41E5-8C00-83D5DCD95AE9}"
EndProject
Project("{FAE04EC0-301F-11D3-BF4B-00C04F79EFBC}") = "SolariPDV.iOS", "SolariPDV\SolariPDV.iOS\SolariPDV.iOS.csproj", "{D13CDC4F-1588-4072-B633-7A76B1E41430}"
EndProject
Project("{9A19103F-16F7-4668-BE54-9A1E7A4F7556}") = "SolariPDV", "SolariPDV\SolariPDV\SolariPDV.csproj", "{B17A28B9-BCB7-4D83-BFE2-3D07A8F2AE85}"
EndProject
Project("{FAE04EC0-301F-11D3-BF4B-00C04F79EFBC}") = "SolariPDV.Windows", "SolariPDV.Windows\SolariPDV.Windows.csproj", "{4982949A-BEB8-4F53-A16C-69E4324C070D}"
EndProject
Global
	GlobalSection(SolutionConfigurationPlatforms) = preSolution
		Debug|Any CPU = Debug|Any CPU
		Debug|ARM = Debug|ARM
		Debug|ARM64 = Debug|ARM64
		Debug|iPhone = Debug|iPhone
		Debug|iPhoneSimulator = Debug|iPhoneSimulator
		Debug|x64 = Debug|x64
		Debug|x86 = Debug|x86
		Release|Any CPU = Release|Any CPU
		Release|ARM = Release|ARM
		Release|ARM64 = Release|ARM64
		Release|iPhone = Release|iPhone
		Release|iPhoneSimulator = Release|iPhoneSimulator
		Release|x64 = Release|x64
		Release|x86 = Release|x86
	EndGlobalSection
	GlobalSection(ProjectConfigurationPlatforms) = postSolution
		{3001D0C1-BBA2-41E5-8C00-83D5DCD95AE9}.Debug|Any CPU.ActiveCfg = Debug|Any CPU
		{3001D0C1-BBA2-41E5-8C00-83D5DCD95AE9}.Debug|Any CPU.Build.0 = Debug|Any CPU
		{3001D0C1-BBA2-41E5-8C00-83D5DCD95AE9}.Debug|Any CPU.Deploy.0 = Debug|Any CPU
		{3001D0C1-BBA2-41E5-8C00-83D5DCD95AE9}.Debug|ARM.ActiveCfg = Debug|Any CPU
		{3001D0C1-BBA2-41E5-8C00-83D5DCD95AE9}.Debug|ARM.Build.0 = Debug|Any CPU
		{3001D0C1-BBA2-41E5-8C00-83D5DCD95AE9}.Debug|ARM.Deploy.0 = Debug|Any CPU
		{3001D0C1-BBA2-41E5-8C00-83D5DCD95AE9}.Debug|ARM64.ActiveCfg = Debug|Any CPU
		{3001D0C1-BBA2-41E5-8C00-83D5DCD95AE9}.Debug|ARM64.Build.0 = Debug|Any CPU
		{3001D0C1-BBA2-41E5-8C00-83D5DCD95AE9}.Debug|ARM64.Deploy.0 = Debug|Any CPU
		{3001D0C1-BBA2-41E5-8C00-83D5DCD95AE9}.Debug|iPhone.ActiveCfg = Debug|Any CPU
		{3001D0C1-BBA2-41E5-8C00-83D5DCD95AE9}.Debug|iPhone.Build.0 = Debug|Any CPU
		{3001D0C1-BBA2-41E5-8C00-83D5DCD95AE9}.Debug|iPhone.Deploy.0 = Debug|Any CPU
		{3001D0C1-BBA2-41E5-8C00-83D5DCD95AE9}.Debug|iPhoneSimulator.ActiveCfg = Debug|Any CPU
		{3001D0C1-BBA2-41E5-8C00-83D5DCD95AE9}.Debug|iPhoneSimulator.Build.0 = Debug|Any CPU
		{3001D0C1-BBA2-41E5-8C00-83D5DCD95AE9}.Debug|iPhoneSimulator.Deploy.0 = Debug|Any CPU
		{3001D0C1-BBA2-41E5-8C00-83D5DCD95AE9}.Debug|x64.ActiveCfg = Debug|Any CPU
		{3001D0C1-BBA2-41E5-8C00-83D5DCD95AE9}.Debug|x64.Build.0 = Debug|Any CPU
		{3001D0C1-BBA2-41E5-8C00-83D5DCD95AE9}.Debug|x64.Deploy.0 = Debug|Any CPU
		{3001D0C1-BBA2-41E5-8C00-83D5DCD95AE9}.Debug|x86.ActiveCfg = Debug|Any CPU
		{3001D0C1-BBA2-41E5-8C00-83D5DCD95AE9}.Debug|x86.Build.0 = Debug|Any CPU
		{3001D0C1-BBA2-41E5-8C00-83D5DCD95AE9}.Debug|x86.Deploy.0 = Debug|Any CPU
		{3001D0C1-BBA2-41E5-8C00-83D5DCD95AE9}.Release|Any CPU.ActiveCfg = Release|Any CPU
		{3001D0C1-BBA2-41E5-8C00-83D5DCD95AE9}.Release|Any CPU.Build.0 = Release|Any CPU
		{3001D0C1-BBA2-41E5-8C00-83D5DCD95AE9}.Release|Any CPU.Deploy.0 = Release|Any CPU
		{3001D0C1-BBA2-41E5-8C00-83D5DCD95AE9}.Release|ARM.ActiveCfg = Release|Any CPU
		{3001D0C1-BBA2-41E5-8C00-83D5DCD95AE9}.Release|ARM.Build.0 = Release|Any CPU
		{3001D0C1-BBA2-41E5-8C00-83D5DCD95AE9}.Release|ARM.Deploy.0 = Release|Any CPU
		{3001D0C1-BBA2-41E5-8C00-83D5DCD95AE9}.Release|ARM64.ActiveCfg = Release|Any CPU
		{3001D0C1-BBA2-41E5-8C00-83D5DCD95AE9}.Release|ARM64.Build.0 = Release|Any CPU
		{3001D0C1-BBA2-41E5-8C00-83D5DCD95AE9}.Release|ARM64.Deploy.0 = Release|Any CPU
		{3001D0C1-BBA2-41E5-8C00-83D5DCD95AE9}.Release|iPhone.ActiveCfg = Release|Any CPU
		{3001D0C1-BBA2-41E5-8C00-83D5DCD95AE9}.Release|iPhone.Build.0 = Release|Any CPU
		{3001D0C1-BBA2-41E5-8C00-83D5DCD95AE9}.Release|iPhone.Deploy.0 = Release|Any CPU
		{3001D0C1-BBA2-41E5-8C00-83D5DCD95AE9}.Release|iPhoneSimulator.ActiveCfg = Release|Any CPU
		{3001D0C1-BBA2-41E5-8C00-83D5DCD95AE9}.Release|iPhoneSimulator.Build.0 = Release|Any CPU
		{3001D0C1-BBA2-41E5-8C00-83D5DCD95AE9}.Release|iPhoneSimulator.Deploy.0 = Release|Any CPU
		{3001D0C1-BBA2-41E5-8C00-83D5DCD95AE9}.Release|x64.ActiveCfg = Release|Any CPU
		{3001D0C1-BBA2-41E5-8C00-83D5DCD95AE9}.Release|x64.Build.0 = Release|Any CPU
		{3001D0C1-BBA2-41E5-8C00-83D5DCD95AE9}.Release|x64.Deploy.0 = Release|Any CPU
		{3001D0C1-BBA2-41E5-8C00-83D5DCD95AE9}.Release|x86.ActiveCfg = Release|Any CPU
		{3001D0C1-BBA2-41E5-8C00-83D5DCD95AE9}.Release|x86.Build.0 = Release|Any CPU
		{3001D0C1-BBA2-41E5-8C00-83D5DCD95AE9}.Release|x86.Deploy.0 = Release|Any CPU
		{D13CDC4F-1588-4072-B633-7A76B1E41430}.Debug|Any CPU.ActiveCfg = Debug|iPhoneSimulator
		{D13CDC4F-1588-4072-B633-7A76B1E41430}.Debug|Any CPU.Build.0 = Debug|iPhoneSimulator
		{D13CDC4F-1588-4072-B633-7A76B1E41430}.Debug|Any CPU.Deploy.0 = Debug|iPhoneSimulator
		{D13CDC4F-1588-4072-B633-7A76B1E41430}.Debug|ARM.ActiveCfg = Debug|iPhone
		{D13CDC4F-1588-4072-B633-7A76B1E41430}.Debug|ARM64.ActiveCfg = Debug|iPhone
		{D13CDC4F-1588-4072-B633-7A76B1E41430}.Debug|iPhone.ActiveCfg = Debug|iPhone
		{D13CDC4F-1588-4072-B633-7A76B1E41430}.Debug|iPhone.Build.0 = Debug|iPhone
		{D13CDC4F-1588-4072-B633-7A76B1E41430}.Debug|iPhone.Deploy.0 = Debug|iPhone
		{D13CDC4F-1588-4072-B633-7A76B1E41430}.Debug|iPhoneSimulator.ActiveCfg = Debug|iPhoneSimulator
		{D13CDC4F-1588-4072-B633-7A76B1E41430}.Debug|iPhoneSimulator.Build.0 = Debug|iPhoneSimulator
		{D13CDC4F-1588-4072-B633-7A76B1E41430}.Debug|iPhoneSimulator.Deploy.0 = Debug|iPhoneSimulator
		{D13CDC4F-1588-4072-B633-7A76B1E41430}.Debug|x64.ActiveCfg = Debug|iPhone
		{D13CDC4F-1588-4072-B633-7A76B1E41430}.Debug|x86.ActiveCfg = Debug|iPhone
		{D13CDC4F-1588-4072-B633-7A76B1E41430}.Release|Any CPU.ActiveCfg = Release|iPhone
		{D13CDC4F-1588-4072-B633-7A76B1E41430}.Release|Any CPU.Build.0 = Release|iPhone
		{D13CDC4F-1588-4072-B633-7A76B1E41430}.Release|Any CPU.Deploy.0 = Release|iPhone
		{D13CDC4F-1588-4072-B633-7A76B1E41430}.Release|ARM.ActiveCfg = Release|iPhoneSimulator
		{D13CDC4F-1588-4072-B633-7A76B1E41430}.Release|ARM64.ActiveCfg = Release|iPhoneSimulator
		{D13CDC4F-1588-4072-B633-7A76B1E41430}.Release|iPhone.ActiveCfg = Release|iPhone
		{D13CDC4F-1588-4072-B633-7A76B1E41430}.Release|iPhone.Build.0 = Release|iPhone
		{D13CDC4F-1588-4072-B633-7A76B1E41430}.Release|iPhone.Deploy.0 = Release|iPhone
		{D13CDC4F-1588-4072-B633-7A76B1E41430}.Release|iPhoneSimulator.ActiveCfg = Release|iPhoneSimulator
		{D13CDC4F-1588-4072-B633-7A76B1E41430}.Release|iPhoneSimulator.Build.0 = Release|iPhoneSimulator
		{D13CDC4F-1588-4072-B633-7A76B1E41430}.Release|iPhoneSimulator.Deploy.0 = Release|iPhoneSimulator
		{D13CDC4F-1588-4072-B633-7A76B1E41430}.Release|x64.ActiveCfg = Release|iPhoneSimulator
		{D13CDC4F-1588-4072-B633-7A76B1E41430}.Release|x86.ActiveCfg = Release|iPhoneSimulator
		{B17A28B9-BCB7-4D83-BFE2-3D07A8F2AE85}.Debug|Any CPU.ActiveCfg = Debug|Any CPU
		{B17A28B9-BCB7-4D83-BFE2-3D07A8F2AE85}.Debug|Any CPU.Build.0 = Debug|Any CPU
		{B17A28B9-BCB7-4D83-BFE2-3D07A8F2AE85}.Debug|Any CPU.Deploy.0 = Debug|Any CPU
		{B17A28B9-BCB7-4D83-BFE2-3D07A8F2AE85}.Debug|ARM.ActiveCfg = Debug|Any CPU
		{B17A28B9-BCB7-4D83-BFE2-3D07A8F2AE85}.Debug|ARM.Build.0 = Debug|Any CPU
		{B17A28B9-BCB7-4D83-BFE2-3D07A8F2AE85}.Debug|ARM64.ActiveCfg = Debug|Any CPU
		{B17A28B9-BCB7-4D83-BFE2-3D07A8F2AE85}.Debug|ARM64.Build.0 = Debug|Any CPU
		{B17A28B9-BCB7-4D83-BFE2-3D07A8F2AE85}.Debug|iPhone.ActiveCfg = Debug|Any CPU
		{B17A28B9-BCB7-4D83-BFE2-3D07A8F2AE85}.Debug|iPhone.Build.0 = Debug|Any CPU
		{B17A28B9-BCB7-4D83-BFE2-3D07A8F2AE85}.Debug|iPhone.Deploy.0 = Debug|Any CPU
		{B17A28B9-BCB7-4D83-BFE2-3D07A8F2AE85}.Debug|iPhoneSimulator.ActiveCfg = Debug|Any CPU
		{B17A28B9-BCB7-4D83-BFE2-3D07A8F2AE85}.Debug|iPhoneSimulator.Build.0 = Debug|Any CPU
		{B17A28B9-BCB7-4D83-BFE2-3D07A8F2AE85}.Debug|iPhoneSimulator.Deploy.0 = Debug|Any CPU
		{B17A28B9-BCB7-4D83-BFE2-3D07A8F2AE85}.Debug|x64.ActiveCfg = Debug|Any CPU
		{B17A28B9-BCB7-4D83-BFE2-3D07A8F2AE85}.Debug|x64.Build.0 = Debug|Any CPU
		{B17A28B9-BCB7-4D83-BFE2-3D07A8F2AE85}.Debug|x86.ActiveCfg = Debug|Any CPU
		{B17A28B9-BCB7-4D83-BFE2-3D07A8F2AE85}.Debug|x86.Build.0 = Debug|Any CPU
		{B17A28B9-BCB7-4D83-BFE2-3D07A8F2AE85}.Release|Any CPU.ActiveCfg = Release|Any CPU
		{B17A28B9-BCB7-4D83-BFE2-3D07A8F2AE85}.Release|Any CPU.Build.0 = Release|Any CPU
		{B17A28B9-BCB7-4D83-BFE2-3D07A8F2AE85}.Release|Any CPU.Deploy.0 = Release|Any CPU
		{B17A28B9-BCB7-4D83-BFE2-3D07A8F2AE85}.Release|ARM.ActiveCfg = Release|Any CPU
		{B17A28B9-BCB7-4D83-BFE2-3D07A8F2AE85}.Release|ARM.Build.0 = Release|Any CPU
		{B17A28B9-BCB7-4D83-BFE2-3D07A8F2AE85}.Release|ARM64.ActiveCfg = Release|Any CPU
		{B17A28B9-BCB7-4D83-BFE2-3D07A8F2AE85}.Release|ARM64.Build.0 = Release|Any CPU
		{B17A28B9-BCB7-4D83-BFE2-3D07A8F2AE85}.Release|iPhone.ActiveCfg = Release|Any CPU
		{B17A28B9-BCB7-4D83-BFE2-3D07A8F2AE85}.Release|iPhone.Build.0 = Release|Any CPU
		{B17A28B9-BCB7-4D83-BFE2-3D07A8F2AE85}.Release|iPhone.Deploy.0 = Release|Any CPU
		{B17A28B9-BCB7-4D83-BFE2-3D07A8F2AE85}.Release|iPhoneSimulator.ActiveCfg = Release|Any CPU
		{B17A28B9-BCB7-4D83-BFE2-3D07A8F2AE85}.Release|iPhoneSimulator.Build.0 = Release|Any CPU
		{B17A28B9-BCB7-4D83-BFE2-3D07A8F2AE85}.Release|iPhoneSimulator.Deploy.0 = Release|Any CPU
		{B17A28B9-BCB7-4D83-BFE2-3D07A8F2AE85}.Release|x64.ActiveCfg = Release|Any CPU
		{B17A28B9-BCB7-4D83-BFE2-3D07A8F2AE85}.Release|x64.Build.0 = Release|Any CPU
		{B17A28B9-BCB7-4D83-BFE2-3D07A8F2AE85}.Release|x86.ActiveCfg = Release|Any CPU
		{B17A28B9-BCB7-4D83-BFE2-3D07A8F2AE85}.Release|x86.Build.0 = Release|Any CPU
		{4982949A-BEB8-4F53-A16C-69E4324C070D}.Debug|Any CPU.ActiveCfg = Debug|x86
		{4982949A-BEB8-4F53-A16C-69E4324C070D}.Debug|ARM.ActiveCfg = Debug|ARM
		{4982949A-BEB8-4F53-A16C-69E4324C070D}.Debug|ARM.Build.0 = Debug|ARM
		{4982949A-BEB8-4F53-A16C-69E4324C070D}.Debug|ARM.Deploy.0 = Debug|ARM
		{4982949A-BEB8-4F53-A16C-69E4324C070D}.Debug|ARM64.ActiveCfg = Debug|ARM64
		{4982949A-BEB8-4F53-A16C-69E4324C070D}.Debug|ARM64.Build.0 = Debug|ARM64
		{4982949A-BEB8-4F53-A16C-69E4324C070D}.Debug|ARM64.Deploy.0 = Debug|ARM64
		{4982949A-BEB8-4F53-A16C-69E4324C070D}.Debug|iPhone.ActiveCfg = Debug|x86
		{4982949A-BEB8-4F53-A16C-69E4324C070D}.Debug|iPhoneSimulator.ActiveCfg = Debug|x86
		{4982949A-BEB8-4F53-A16C-69E4324C070D}.Debug|x64.ActiveCfg = Debug|x64
		{4982949A-BEB8-4F53-A16C-69E4324C070D}.Debug|x64.Build.0 = Debug|x64
		{4982949A-BEB8-4F53-A16C-69E4324C070D}.Debug|x64.Deploy.0 = Debug|x64
		{4982949A-BEB8-4F53-A16C-69E4324C070D}.Debug|x86.ActiveCfg = Debug|x86
		{4982949A-BEB8-4F53-A16C-69E4324C070D}.Debug|x86.Build.0 = Debug|x86
		{4982949A-BEB8-4F53-A16C-69E4324C070D}.Debug|x86.Deploy.0 = Debug|x86
		{4982949A-BEB8-4F53-A16C-69E4324C070D}.Release|Any CPU.ActiveCfg = Release|x86
		{4982949A-BEB8-4F53-A16C-69E4324C070D}.Release|ARM.ActiveCfg = Release|ARM
		{4982949A-BEB8-4F53-A16C-69E4324C070D}.Release|ARM.Build.0 = Release|ARM
		{4982949A-BEB8-4F53-A16C-69E4324C070D}.Release|ARM.Deploy.0 = Release|ARM
		{4982949A-BEB8-4F53-A16C-69E4324C070D}.Release|ARM64.ActiveCfg = Release|ARM64
		{4982949A-BEB8-4F53-A16C-69E4324C070D}.Release|ARM64.Build.0 = Release|ARM64
		{4982949A-BEB8-4F53-A16C-69E4324C070D}.Release|ARM64.Deploy.0 = Release|ARM64
		{4982949A-BEB8-4F53-A16C-69E4324C070D}.Release|iPhone.ActiveCfg = Release|x86
		{4982949A-BEB8-4F53-A16C-69E4324C070D}.Release|iPhoneSimulator.ActiveCfg = Release|x86
		{4982949A-BEB8-4F53-A16C-69E4324C070D}.Release|x64.ActiveCfg = Release|x64
		{4982949A-BEB8-4F53-A16C-69E4324C070D}.Release|x64.Build.0 = Release|x64
		{4982949A-BEB8-4F53-A16C-69E4324C070D}.Release|x64.Deploy.0 = Release|x64
		{4982949A-BEB8-4F53-A16C-69E4324C070D}.Release|x86.ActiveCfg = Release|x86
		{4982949A-BEB8-4F53-A16C-69E4324C070D}.Release|x86.Build.0 = Release|x86
		{4982949A-BEB8-4F53-A16C-69E4324C070D}.Release|x86.Deploy.0 = Release|x86
	EndGlobalSection
	GlobalSection(SolutionProperties) = preSolution
		HideSolutionNode = FALSE
	EndGlobalSection
	GlobalSection(ExtensibilityGlobals) = postSolution
		SolutionGuid = {756A8C9C-B6D4-4C5F-B41A-BF61BF44FE89}
	EndGlobalSection
EndGlobal
